
Microsoft Visual Studio Solution File, Format Version 12.00
# Visual Studio Version 16
VisualStudioVersion = 16.0.31005.135
MinimumVisualStudioVersion = 10.0.40219.1
Project("{FAE04EC0-301F-11D3-BF4B-00C04F79EFBC}") = "TheCCPConnection", "TheCCPConnection\TheCCPConnection.csproj", "{11EAFC23-69EA-4606-BEBF-C6BB66E38FC5}"
EndProject
Global
	GlobalSection(SolutionConfigurationPlatforms) = preSolution
		Debug|Any CPU = Debug|Any CPU
		Release|Any CPU = Release|Any CPU
	EndGlobalSection
	GlobalSection(ProjectConfigurationPlatforms) = postSolution
		{11EAFC23-69EA-4606-BEBF-C6BB66E38FC5}.Debug|Any CPU.ActiveCfg = Debug|Any CPU
		{11EAFC23-69EA-4606-BEBF-C6BB66E38FC5}.Debug|Any CPU.Build.0 = Debug|Any CPU
		{11EAFC23-69EA-4606-BEBF-C6BB66E38FC5}.Release|Any CPU.ActiveCfg = Release|Any CPU
		{11EAFC23-69EA-4606-BEBF-C6BB66E38FC5}.Release|Any CPU.Build.0 = Release|Any CPU
	EndGlobalSection
	GlobalSection(SolutionProperties) = preSolution
		HideSolutionNode = FALSE
	EndGlobalSection
	GlobalSection(ExtensibilityGlobals) = postSolution
		SolutionGuid = {D377736E-95D6-42AC-AA7B-D46AC9ACD924}
	EndGlobalSection
EndGlobal
